{
  "name": "@ctbucha/bs-react-admin",
  "version": "0.0.1",
  "lockfileVersion": 1,
  "requires": true,
  "dependencies": {
    "@babel/runtime": {
      "version": "7.0.0-rc.1",
      "resolved": "https://registry.npmjs.org/@babel/runtime/-/runtime-7.0.0-rc.1.tgz",
      "integrity": "sha512-Nifv2kwP/nwR39cAOasNxzjYfpeuf/ZbZNtQz5eYxWTC9yHARU9wItFnAwz1GTZ62MU+AtSjzZPMbLK5Q9hmbg==",
      "requires": {
        "regenerator-runtime": "^0.12.0"
      },
      "dependencies": {
        "regenerator-runtime": {
          "version": "0.12.1",
          "resolved": "https://registry.npmjs.org/regenerator-runtime/-/regenerator-runtime-0.12.1.tgz",
          "integrity": "sha512-odxIc1/vDlo4iZcfXqRYFj0vpXFNoGdKMAUieAlFYO6m/nl5e9KR/beGf41z4a1FI+aQgtjhuaSlDxQ0hmkrHg=="
        }
      }
    },
    "@material-ui/core": {
      "version": "1.5.1",
      "resolved": "https://registry.npmjs.org/@material-ui/core/-/core-1.5.1.tgz",
      "integrity": "sha512-hGT0JelWZGZqgWZzRbON/uqFCgWa4XhmEFG/IEd9SBwCU4sWC99Kv1KpywLhYYWecobqT4Dh7ijO1ZaIAk8HyA==",
      "requires": {
        "@babel/runtime": "7.0.0-rc.1",
        "@types/jss": "^9.5.3",
        "@types/react-transition-group": "^2.0.8",
        "brcast": "^3.0.1",
        "classnames": "^2.2.5",
        "csstype": "^2.5.2",
        "debounce": "^1.1.0",
        "deepmerge": "^2.0.1",
        "dom-helpers": "^3.2.1",
        "hoist-non-react-statics": "^2.5.0",
        "is-plain-object": "^2.0.4",
        "jss": "^9.3.3",
        "jss-camel-case": "^6.0.0",
        "jss-default-unit": "^8.0.2",
        "jss-global": "^3.0.0",
        "jss-nested": "^6.0.1",
        "jss-props-sort": "^6.0.0",
        "jss-vendor-prefixer": "^7.0.0",
        "keycode": "^2.1.9",
        "normalize-scroll-left": "^0.1.2",
        "popper.js": "^1.14.1",
        "prop-types": "^15.6.0",
        "react-event-listener": "^0.6.2",
        "react-jss": "^8.1.0",
        "react-transition-group": "^2.2.1",
        "recompose": "^0.28.0",
        "warning": "^4.0.1"
      },
      "dependencies": {
        "recompose": {
          "version": "0.28.2",
          "resolved": "https://registry.npmjs.org/recompose/-/recompose-0.28.2.tgz",
          "integrity": "sha512-baVNKQBQAAAuLRnv6Cb/6/j59a1BVj6c6Pags1KXVyRB0yPfQVUZtuAUnqHDBXoR8iXPrLGWE4RNtCQ/AaRP3g==",
          "requires": {
            "@babel/runtime": "7.0.0-beta.56",
            "change-emitter": "^0.1.2",
            "fbjs": "^0.8.1",
            "hoist-non-react-statics": "^2.3.1",
            "react-lifecycles-compat": "^3.0.2",
            "symbol-observable": "^1.0.4"
          },
          "dependencies": {
            "@babel/runtime": {
              "version": "7.0.0-beta.56",
              "resolved": "https://registry.npmjs.org/@babel/runtime/-/runtime-7.0.0-beta.56.tgz",
              "integrity": "sha512-vP9XV2VP013UEyZdU9eWClCsm6rQPUYHVNCfmpcv5uKviW7mKmUZq71Y5cr5dYsFKfnGDxSo8h6plUGR60lwHg==",
              "requires": {
                "regenerator-runtime": "^0.12.0"
              }
            }
          }
        },
        "regenerator-runtime": {
          "version": "0.12.1",
          "resolved": "https://registry.npmjs.org/regenerator-runtime/-/regenerator-runtime-0.12.1.tgz",
          "integrity": "sha512-odxIc1/vDlo4iZcfXqRYFj0vpXFNoGdKMAUieAlFYO6m/nl5e9KR/beGf41z4a1FI+aQgtjhuaSlDxQ0hmkrHg=="
        },
        "warning": {
          "version": "4.0.2",
          "resolved": "https://registry.npmjs.org/warning/-/warning-4.0.2.tgz",
          "integrity": "sha512-wbTp09q/9C+jJn4KKJfJfoS6VleK/Dti0yqWSm6KMvJ4MRCXFQNapHuJXutJIrWV0Cf4AhTdeIe4qdKHR1+Hug==",
          "requires": {
            "loose-envify": "^1.0.0"
          }
        }
      }
    },
    "@material-ui/icons": {
      "version": "1.1.1",
      "resolved": "https://registry.npmjs.org/@material-ui/icons/-/icons-1.1.1.tgz",
      "integrity": "sha512-d7I2P1Td4S/1zMAYCIrVQVf+6NUZC5fcIuo0wTrKe/mKxYo9eQ+83lPesI9aBAh+ZTQTjPTqoIvm0WD5e+0uKQ==",
      "requires": {
        "@babel/runtime": "7.0.0-beta.42",
        "recompose": "^0.26.0 || ^0.27.0"
      },
      "dependencies": {
        "@babel/runtime": {
          "version": "7.0.0-beta.42",
          "resolved": "https://registry.npmjs.org/@babel/runtime/-/runtime-7.0.0-beta.42.tgz",
          "integrity": "sha512-iOGRzUoONLOtmCvjUsZv3mZzgCT6ljHQY5fr1qG1QIiJQwtM7zbPWGGpa3QWETq+UqwWyJnoi5XZDZRwZDFciQ==",
          "requires": {
            "core-js": "^2.5.3",
            "regenerator-runtime": "^0.11.1"
          }
        }
      }
    },
    "@types/jss": {
      "version": "9.5.4",
      "resolved": "https://registry.npmjs.org/@types/jss/-/jss-9.5.4.tgz",
      "integrity": "sha512-FAZoCrLjEb0GUgDP1I20748eIwyshM38cXJMFJ7hW2XbtSEo8RrSebgAH3jdXF4FV4NKzyD0TvXlf2MDE8yGrA==",
      "requires": {
        "csstype": "^2.0.0",
        "indefinite-observable": "^1.0.1"
      }
    },
    "@types/prop-types": {
      "version": "15.5.5",
      "resolved": "https://registry.npmjs.org/@types/prop-types/-/prop-types-15.5.5.tgz",
      "integrity": "sha512-mOrlCEdwX3seT3n0AXNt4KNPAZZxcsABUHwBgFXOt+nvFUXkxCAO6UBJHPrDxWEa2KDMil86355fjo8jbZ+K0Q==",
      "requires": {
        "@types/react": "*"
      }
    },
    "@types/react": {
      "version": "16.4.12",
      "resolved": "https://registry.npmjs.org/@types/react/-/react-16.4.12.tgz",
      "integrity": "sha512-7XihF0BFk1wQfLNf+HAsfk6CEGMdqy592+qv0MAY38uDdSC/yYOa2k1g85oYFQkhCrWVL48c2oT1+QGfF0ABTg==",
      "requires": {
        "@types/prop-types": "*",
        "csstype": "^2.2.0"
      }
    },
    "@types/react-transition-group": {
      "version": "2.0.13",
      "resolved": "https://registry.npmjs.org/@types/react-transition-group/-/react-transition-group-2.0.13.tgz",
      "integrity": "sha512-A3DV2+aU1P2/wD4r2Lz3lKTV8hFjUslWmT18gGhBdMtZ6FVOAJV7HyZA7dt+Kc+pa1jjevLBhHj344Gnh8yo1g==",
      "requires": {
        "@types/react": "*"
      }
    },
    "asap": {
      "version": "2.0.6",
      "resolved": "https://registry.npmjs.org/asap/-/asap-2.0.6.tgz",
      "integrity": "sha1-5QNHYR1+aQlDIIu9r+vLwvuGbUY="
    },
    "attr-accept": {
      "version": "1.1.3",
      "resolved": "https://registry.npmjs.org/attr-accept/-/attr-accept-1.1.3.tgz",
      "integrity": "sha512-iT40nudw8zmCweivz6j58g+RT33I4KbaIvRUhjNmDwO2WmsQUxFEZZYZ5w3vXe5x5MX9D7mfvA/XaLOZYFR9EQ==",
      "requires": {
        "core-js": "^2.5.0"
      }
    },
    "autosuggest-highlight": {
      "version": "3.1.1",
      "resolved": "https://registry.npmjs.org/autosuggest-highlight/-/autosuggest-highlight-3.1.1.tgz",
      "integrity": "sha512-MQ6GNIGMMZbeA5FlBLXXgkZEthysCdYNkMV4MahB2/qB/9cwBnVsePUPnIqkMuzjzclTtDa67xln7cgLDu2f/g==",
      "requires": {
        "diacritic": "0.0.2"
      }
    },
    "babel-runtime": {
      "version": "6.26.0",
      "resolved": "https://registry.npmjs.org/babel-runtime/-/babel-runtime-6.26.0.tgz",
      "integrity": "sha1-llxwWGaOgrVde/4E/yM3vItWR/4=",
      "requires": {
        "core-js": "^2.4.0",
        "regenerator-runtime": "^0.11.0"
      }
    },
    "brcast": {
      "version": "3.0.1",
      "resolved": "https://registry.npmjs.org/brcast/-/brcast-3.0.1.tgz",
      "integrity": "sha512-eI3yqf9YEqyGl9PCNTR46MGvDylGtaHjalcz6Q3fAPnP/PhpKkkve52vFdfGpwp4VUvK6LUr4TQN+2stCrEwTg=="
    },
    "bs-platform": {
      "version": "4.0.5",
      "resolved": "https://registry.npmjs.org/bs-platform/-/bs-platform-4.0.5.tgz",
      "integrity": "sha512-wK+yUx/5ojlrxgk/EB3Hla7+9NEnE8PxtGb71e4IsKnWPXrRAaVtdTuoWWClv8z77xntOFg8qTgYfYyh9xLMWA==",
      "dev": true
    },
    "change-emitter": {
      "version": "0.1.6",
      "resolved": "https://registry.npmjs.org/change-emitter/-/change-emitter-0.1.6.tgz",
      "integrity": "sha1-6LL+PX8at9aaMhma/5HqaTFAlRU="
    },
    "classnames": {
      "version": "2.2.6",
      "resolved": "https://registry.npmjs.org/classnames/-/classnames-2.2.6.tgz",
      "integrity": "sha512-JR/iSQOSt+LQIWwrwEzJ9uk0xfN3mTVYMwt1Ir5mUcSN6pU+V4zQFFaJsclJbPuAUQH+yfWef6tm7l1quW3C8Q=="
    },
    "core-js": {
      "version": "2.5.7",
      "resolved": "https://registry.npmjs.org/core-js/-/core-js-2.5.7.tgz",
      "integrity": "sha512-RszJCAxg/PP6uzXVXL6BsxSXx/B05oJAQ2vkJRjyjrEcNVycaqOmNb5OTxZPE3xa5gwZduqza6L9JOCenh/Ecw=="
    },
    "css-vendor": {
      "version": "0.3.8",
      "resolved": "https://registry.npmjs.org/css-vendor/-/css-vendor-0.3.8.tgz",
      "integrity": "sha1-ZCHP0wNM5mT+dnOXL9ARn8KJQfo=",
      "requires": {
        "is-in-browser": "^1.0.2"
      }
    },
    "csstype": {
      "version": "2.5.6",
      "resolved": "https://registry.npmjs.org/csstype/-/csstype-2.5.6.tgz",
      "integrity": "sha512-tKPyhy0FmfYD2KQYXD5GzkvAYLYj96cMLXr648CKGd3wBe0QqoPipImjGiLze9c8leJK8J3n7ap90tpk3E6HGQ=="
    },
    "debounce": {
      "version": "1.2.0",
      "resolved": "https://registry.npmjs.org/debounce/-/debounce-1.2.0.tgz",
      "integrity": "sha512-mYtLl1xfZLi1m4RtQYlZgJUNQjl4ZxVnHzIR8nLLgi4q1YT8o/WM+MK/f8yfcc9s5Ir5zRaPZyZU6xs1Syoocg=="
    },
    "decode-uri-component": {
      "version": "0.2.0",
      "resolved": "https://registry.npmjs.org/decode-uri-component/-/decode-uri-component-0.2.0.tgz",
      "integrity": "sha1-6zkTMzRYd1y4TNGh+uBiEGu4dUU="
    },
    "deepmerge": {
      "version": "2.1.1",
      "resolved": "https://registry.npmjs.org/deepmerge/-/deepmerge-2.1.1.tgz",
      "integrity": "sha512-urQxA1smbLZ2cBbXbaYObM1dJ82aJ2H57A1C/Kklfh/ZN1bgH4G/n5KWhdNfOK11W98gqZfyYj7W4frJJRwA2w=="
    },
    "define-properties": {
      "version": "1.1.3",
      "resolved": "https://registry.npmjs.org/define-properties/-/define-properties-1.1.3.tgz",
      "integrity": "sha512-3MqfYKj2lLzdMSf8ZIZE/V+Zuy+BgD6f164e8K2w7dgnpKArBDerGYpM46IYYcjnkdPNMjPk9A6VFB8+3SKlXQ==",
      "requires": {
        "object-keys": "^1.0.12"
      }
    },
    "diacritic": {
      "version": "0.0.2",
      "resolved": "https://registry.npmjs.org/diacritic/-/diacritic-0.0.2.tgz",
      "integrity": "sha1-/CqIe1pbwKCoVPthTHwvIJBh7gQ="
    },
    "dom-helpers": {
      "version": "3.3.1",
      "resolved": "https://registry.npmjs.org/dom-helpers/-/dom-helpers-3.3.1.tgz",
      "integrity": "sha512-2Sm+JaYn74OiTM2wHvxJOo3roiq/h25Yi69Fqk269cNUwIXsCvATB6CRSFC9Am/20G2b28hGv/+7NiWydIrPvg=="
    },
    "encoding": {
      "version": "0.1.12",
      "resolved": "https://registry.npmjs.org/encoding/-/encoding-0.1.12.tgz",
      "integrity": "sha1-U4tm8+5izRq1HsMjgp0flIDHS+s=",
      "requires": {
        "iconv-lite": "~0.4.13"
      }
    },
    "es-abstract": {
      "version": "1.12.0",
      "resolved": "https://registry.npmjs.org/es-abstract/-/es-abstract-1.12.0.tgz",
      "integrity": "sha512-C8Fx/0jFmV5IPoMOFPA9P9G5NtqW+4cOPit3MIuvR2t7Ag2K15EJTpxnHAYTzL+aYQJIESYeXZmDBfOBE1HcpA==",
      "requires": {
        "es-to-primitive": "^1.1.1",
        "function-bind": "^1.1.1",
        "has": "^1.0.1",
        "is-callable": "^1.1.3",
        "is-regex": "^1.0.4"
      }
    },
    "es-to-primitive": {
      "version": "1.1.1",
      "resolved": "https://registry.npmjs.org/es-to-primitive/-/es-to-primitive-1.1.1.tgz",
      "integrity": "sha1-RTVSSKiJeQNLZ5Lhm7gfK3l13Q0=",
      "requires": {
        "is-callable": "^1.1.1",
        "is-date-object": "^1.0.1",
        "is-symbol": "^1.0.1"
      }
    },
    "es6-error": {
      "version": "4.1.1",
      "resolved": "https://registry.npmjs.org/es6-error/-/es6-error-4.1.1.tgz",
      "integrity": "sha512-Um/+FxMr9CISWh0bi5Zv0iOD+4cFh5qLeks1qhAopKVAJw3drgKbKySikp7wGhDL0HPeaja0P5ULZrxLkniUVg=="
    },
    "fbjs": {
      "version": "0.8.17",
      "resolved": "https://registry.npmjs.org/fbjs/-/fbjs-0.8.17.tgz",
      "integrity": "sha1-xNWY6taUkRJlPWWIsBpc3Nn5D90=",
      "requires": {
        "core-js": "^1.0.0",
        "isomorphic-fetch": "^2.1.1",
        "loose-envify": "^1.0.0",
        "object-assign": "^4.1.0",
        "promise": "^7.1.1",
        "setimmediate": "^1.0.5",
        "ua-parser-js": "^0.7.18"
      },
      "dependencies": {
        "core-js": {
          "version": "1.2.7",
          "resolved": "https://registry.npmjs.org/core-js/-/core-js-1.2.7.tgz",
          "integrity": "sha1-ZSKUwUZR2yj6k70tX/KYOk8IxjY="
        }
      }
    },
    "for-each": {
      "version": "0.3.3",
      "resolved": "https://registry.npmjs.org/for-each/-/for-each-0.3.3.tgz",
      "integrity": "sha512-jqYfLp7mo9vIyQf8ykW2v7A+2N4QjeCeI5+Dz9XraiO1ign81wjiH7Fb9vSOWvQfNtmSa4H2RoQTrrXivdUZmw==",
      "requires": {
        "is-callable": "^1.1.3"
      }
    },
    "function-bind": {
      "version": "1.1.1",
      "resolved": "https://registry.npmjs.org/function-bind/-/function-bind-1.1.1.tgz",
      "integrity": "sha512-yIovAzMX49sF8Yl58fSCWJ5svSLuaibPxXQJFLmBObTuCr0Mf1KiPopGM9NiFjiYBCbfaa2Fh6breQ6ANVTI0A=="
    },
    "has": {
      "version": "1.0.3",
      "resolved": "https://registry.npmjs.org/has/-/has-1.0.3.tgz",
      "integrity": "sha512-f2dvO0VU6Oej7RkWJGrehjbzMAjFp5/VKPp5tTpWIV4JHHZK1/BxbFRtf/siA2SWTe09caDmVtYYzWEIbBS4zw==",
      "requires": {
        "function-bind": "^1.1.1"
      }
    },
    "history": {
      "version": "4.7.2",
      "resolved": "https://registry.npmjs.org/history/-/history-4.7.2.tgz",
      "integrity": "sha512-1zkBRWW6XweO0NBcjiphtVJVsIQ+SXF29z9DVkceeaSLVMFXHool+fdCZD4spDCfZJCILPILc3bm7Bc+HRi0nA==",
      "requires": {
        "invariant": "^2.2.1",
        "loose-envify": "^1.2.0",
        "resolve-pathname": "^2.2.0",
        "value-equal": "^0.4.0",
        "warning": "^3.0.0"
      }
    },
    "hoist-non-react-statics": {
      "version": "2.5.5",
      "resolved": "https://registry.npmjs.org/hoist-non-react-statics/-/hoist-non-react-statics-2.5.5.tgz",
      "integrity": "sha512-rqcy4pJo55FTTLWt+bU8ukscqHeE/e9KWvsOW2b/a3afxQZhwkQdT1rPPCJ0rYXdj4vNcasY8zHTH+jF/qStxw=="
    },
    "hyphenate-style-name": {
      "version": "1.0.2",
      "resolved": "https://registry.npmjs.org/hyphenate-style-name/-/hyphenate-style-name-1.0.2.tgz",
      "integrity": "sha1-MRYKNpMK2vH8BMYHT360FGXU7Es="
    },
    "iconv-lite": {
      "version": "0.4.24",
      "resolved": "https://registry.npmjs.org/iconv-lite/-/iconv-lite-0.4.24.tgz",
      "integrity": "sha512-v3MXnZAcvnywkTUEZomIActle7RXXeedOR31wwl7VlyoXO4Qi9arvSenNQWne1TcRwhCL1HwLI21bEqdpj8/rA==",
      "requires": {
        "safer-buffer": ">= 2.1.2 < 3"
      }
    },
    "indefinite-observable": {
      "version": "1.0.1",
      "resolved": "https://registry.npmjs.org/indefinite-observable/-/indefinite-observable-1.0.1.tgz",
      "integrity": "sha1-CZFUI8yNb36xy3iCrRNGM8mm7cM=",
      "requires": {
        "symbol-observable": "1.0.4"
      },
      "dependencies": {
        "symbol-observable": {
          "version": "1.0.4",
          "resolved": "https://registry.npmjs.org/symbol-observable/-/symbol-observable-1.0.4.tgz",
          "integrity": "sha1-Kb9hXUqnEhvdiYsi1LP5vE4qoD0="
        }
      }
    },
    "inflection": {
      "version": "1.12.0",
      "resolved": "https://registry.npmjs.org/inflection/-/inflection-1.12.0.tgz",
      "integrity": "sha1-ogCTVlbW9fa8TcdQLhrstwMihBY="
    },
    "invariant": {
      "version": "2.2.4",
      "resolved": "https://registry.npmjs.org/invariant/-/invariant-2.2.4.tgz",
      "integrity": "sha512-phJfQVBuaJM5raOpJjSfkiD6BpbCE4Ns//LaXl6wGYtUBY83nWS6Rf9tXm2e8VaK60JEjYldbPif/A2B1C2gNA==",
      "requires": {
        "loose-envify": "^1.0.0"
      }
    },
    "is-callable": {
      "version": "1.1.4",
      "resolved": "https://registry.npmjs.org/is-callable/-/is-callable-1.1.4.tgz",
      "integrity": "sha512-r5p9sxJjYnArLjObpjA4xu5EKI3CuKHkJXMhT7kwbpUyIFD1n5PMAsoPvWnvtZiNz7LjkYDRZhd7FlI0eMijEA=="
    },
    "is-date-object": {
      "version": "1.0.1",
      "resolved": "https://registry.npmjs.org/is-date-object/-/is-date-object-1.0.1.tgz",
      "integrity": "sha1-mqIOtq7rv/d/vTPnTKAbM1gdOhY="
    },
    "is-function": {
      "version": "1.0.1",
      "resolved": "https://registry.npmjs.org/is-function/-/is-function-1.0.1.tgz",
      "integrity": "sha1-Es+5i2W1fdPRk6MSH19uL0N2ArU="
    },
    "is-in-browser": {
      "version": "1.1.3",
      "resolved": "https://registry.npmjs.org/is-in-browser/-/is-in-browser-1.1.3.tgz",
      "integrity": "sha1-Vv9NtoOgeMYILrldrX3GLh0E+DU="
    },
    "is-plain-object": {
      "version": "2.0.4",
      "resolved": "https://registry.npmjs.org/is-plain-object/-/is-plain-object-2.0.4.tgz",
      "integrity": "sha512-h5PpgXkWitc38BBMYawTYMWJHFZJVnBquFE57xFpjB8pJFiF6gZ+bU+WyI/yqXiFR5mdLsgYNaPe8uao6Uv9Og==",
      "requires": {
        "isobject": "^3.0.1"
      }
    },
    "is-promise": {
      "version": "2.1.0",
      "resolved": "https://registry.npmjs.org/is-promise/-/is-promise-2.1.0.tgz",
      "integrity": "sha1-eaKp7OfwlugPNtKy87wWwf9L8/o="
    },
    "is-regex": {
      "version": "1.0.4",
      "resolved": "https://registry.npmjs.org/is-regex/-/is-regex-1.0.4.tgz",
      "integrity": "sha1-VRdIm1RwkbCTDglWVM7SXul+lJE=",
      "requires": {
        "has": "^1.0.1"
      }
    },
    "is-stream": {
      "version": "1.1.0",
      "resolved": "https://registry.npmjs.org/is-stream/-/is-stream-1.1.0.tgz",
      "integrity": "sha1-EtSj3U5o4Lec6428hBc66A2RykQ="
    },
    "is-symbol": {
      "version": "1.0.1",
      "resolved": "https://registry.npmjs.org/is-symbol/-/is-symbol-1.0.1.tgz",
      "integrity": "sha1-PMWfAAJRlLarLjjbrmaJJWtmBXI="
    },
    "isarray": {
      "version": "0.0.1",
      "resolved": "https://registry.npmjs.org/isarray/-/isarray-0.0.1.tgz",
      "integrity": "sha1-ihis/Kmo9Bd+Cav8YDiTmwXR7t8="
    },
    "isobject": {
      "version": "3.0.1",
      "resolved": "https://registry.npmjs.org/isobject/-/isobject-3.0.1.tgz",
      "integrity": "sha1-TkMekrEalzFjaqH5yNHMvP2reN8="
    },
    "isomorphic-fetch": {
      "version": "2.2.1",
      "resolved": "https://registry.npmjs.org/isomorphic-fetch/-/isomorphic-fetch-2.2.1.tgz",
      "integrity": "sha1-YRrhrPFPXoH3KVB0coGf6XM1WKk=",
      "requires": {
        "node-fetch": "^1.0.1",
        "whatwg-fetch": ">=0.10.0"
      }
    },
    "js-tokens": {
      "version": "4.0.0",
      "resolved": "https://registry.npmjs.org/js-tokens/-/js-tokens-4.0.0.tgz",
      "integrity": "sha512-RdJUflcE3cUzKiMqQgsCu06FPu9UdIJO0beYbPhHN4k6apgJtifcoCtT9bcxOpYBtpD2kCM6Sbzg4CausW/PKQ=="
    },
    "jss": {
      "version": "9.8.7",
      "resolved": "https://registry.npmjs.org/jss/-/jss-9.8.7.tgz",
      "integrity": "sha512-awj3XRZYxbrmmrx9LUSj5pXSUfm12m8xzi/VKeqI1ZwWBtQ0kVPTs3vYs32t4rFw83CgFDukA8wKzOE9sMQnoQ==",
      "requires": {
        "is-in-browser": "^1.1.3",
        "symbol-observable": "^1.1.0",
        "warning": "^3.0.0"
      }
    },
    "jss-camel-case": {
      "version": "6.1.0",
      "resolved": "https://registry.npmjs.org/jss-camel-case/-/jss-camel-case-6.1.0.tgz",
      "integrity": "sha512-HPF2Q7wmNW1t79mCqSeU2vdd/vFFGpkazwvfHMOhPlMgXrJDzdj9viA2SaHk9ZbD5pfL63a8ylp4++irYbbzMQ==",
      "requires": {
        "hyphenate-style-name": "^1.0.2"
      }
    },
    "jss-compose": {
      "version": "5.0.0",
      "resolved": "https://registry.npmjs.org/jss-compose/-/jss-compose-5.0.0.tgz",
      "integrity": "sha512-YofRYuiA0+VbeOw0VjgkyO380sA4+TWDrW52nSluD9n+1FWOlDzNbgpZ/Sb3Y46+DcAbOS21W5jo6SAqUEiuwA==",
      "requires": {
        "warning": "^3.0.0"
      }
    },
    "jss-default-unit": {
      "version": "8.0.2",
      "resolved": "https://registry.npmjs.org/jss-default-unit/-/jss-default-unit-8.0.2.tgz",
      "integrity": "sha512-WxNHrF/18CdoAGw2H0FqOEvJdREXVXLazn7PQYU7V6/BWkCV0GkmWsppNiExdw8dP4TU1ma1dT9zBNJ95feLmg=="
    },
    "jss-expand": {
      "version": "5.3.0",
      "resolved": "https://registry.npmjs.org/jss-expand/-/jss-expand-5.3.0.tgz",
      "integrity": "sha512-NiM4TbDVE0ykXSAw6dfFmB1LIqXP/jdd0ZMnlvlGgEMkMt+weJIl8Ynq1DsuBY9WwkNyzWktdqcEW2VN0RAtQg=="
    },
    "jss-extend": {
      "version": "6.2.0",
      "resolved": "https://registry.npmjs.org/jss-extend/-/jss-extend-6.2.0.tgz",
      "integrity": "sha512-YszrmcB6o9HOsKPszK7NeDBNNjVyiW864jfoiHoMlgMIg2qlxKw70axZHqgczXHDcoyi/0/ikP1XaHDPRvYtEA==",
      "requires": {
        "warning": "^3.0.0"
      }
    },
    "jss-global": {
      "version": "3.0.0",
      "resolved": "https://registry.npmjs.org/jss-global/-/jss-global-3.0.0.tgz",
      "integrity": "sha512-wxYn7vL+TImyQYGAfdplg7yaxnPQ9RaXY/cIA8hawaVnmmWxDHzBK32u1y+RAvWboa3lW83ya3nVZ/C+jyjZ5Q=="
    },
    "jss-nested": {
      "version": "6.0.1",
      "resolved": "https://registry.npmjs.org/jss-nested/-/jss-nested-6.0.1.tgz",
      "integrity": "sha512-rn964TralHOZxoyEgeq3hXY8hyuCElnvQoVrQwKHVmu55VRDd6IqExAx9be5HgK0yN/+hQdgAXQl/GUrBbbSTA==",
      "requires": {
        "warning": "^3.0.0"
      }
    },
    "jss-preset-default": {
      "version": "4.5.0",
      "resolved": "https://registry.npmjs.org/jss-preset-default/-/jss-preset-default-4.5.0.tgz",
      "integrity": "sha512-qZbpRVtHT7hBPpZEBPFfafZKWmq3tA/An5RNqywDsZQGrlinIF/mGD9lmj6jGqu8GrED2SMHZ3pPKLmjCZoiaQ==",
      "requires": {
        "jss-camel-case": "^6.1.0",
        "jss-compose": "^5.0.0",
        "jss-default-unit": "^8.0.2",
        "jss-expand": "^5.3.0",
        "jss-extend": "^6.2.0",
        "jss-global": "^3.0.0",
        "jss-nested": "^6.0.1",
        "jss-props-sort": "^6.0.0",
        "jss-template": "^1.0.1",
        "jss-vendor-prefixer": "^7.0.0"
      }
    },
    "jss-props-sort": {
      "version": "6.0.0",
      "resolved": "https://registry.npmjs.org/jss-props-sort/-/jss-props-sort-6.0.0.tgz",
      "integrity": "sha512-E89UDcrphmI0LzmvYk25Hp4aE5ZBsXqMWlkFXS0EtPkunJkRr+WXdCNYbXbksIPnKlBenGB9OxzQY+mVc70S+g=="
    },
    "jss-template": {
      "version": "1.0.1",
      "resolved": "https://registry.npmjs.org/jss-template/-/jss-template-1.0.1.tgz",
      "integrity": "sha512-m5BqEWha17fmIVXm1z8xbJhY6GFJxNB9H68GVnCWPyGYfxiAgY9WTQyvDAVj+pYRgrXSOfN5V1T4+SzN1sJTeg==",
      "requires": {
        "warning": "^3.0.0"
      }
    },
    "jss-vendor-prefixer": {
      "version": "7.0.0",
      "resolved": "https://registry.npmjs.org/jss-vendor-prefixer/-/jss-vendor-prefixer-7.0.0.tgz",
      "integrity": "sha512-Agd+FKmvsI0HLcYXkvy8GYOw3AAASBUpsmIRvVQheps+JWaN892uFOInTr0DRydwaD91vSSUCU4NssschvF7MA==",
      "requires": {
        "css-vendor": "^0.3.8"
      }
    },
    "keycode": {
      "version": "2.2.0",
      "resolved": "https://registry.npmjs.org/keycode/-/keycode-2.2.0.tgz",
      "integrity": "sha1-PQr1bce4uOXLqNCpfxByBO7CKwQ="
    },
    "lodash": {
      "version": "4.17.10",
      "resolved": "https://registry.npmjs.org/lodash/-/lodash-4.17.10.tgz",
      "integrity": "sha512-UejweD1pDoXu+AD825lWwp4ZGtSwgnpZxb3JDViD7StjQz+Nb/6l093lx4OQ0foGWNRoc19mWy7BzL+UAK2iVg=="
    },
    "lodash-es": {
      "version": "4.17.10",
      "resolved": "https://registry.npmjs.org/lodash-es/-/lodash-es-4.17.10.tgz",
      "integrity": "sha512-iesFYPmxYYGTcmQK0sL8bX3TGHyM6b2qREaB4kamHfQyfPJP0xgoGxp19nsH16nsfquLdiyKyX3mQkfiSGV8Rg=="
    },
    "loose-envify": {
      "version": "1.4.0",
      "resolved": "https://registry.npmjs.org/loose-envify/-/loose-envify-1.4.0.tgz",
      "integrity": "sha512-lyuxPGr/Wfhrlem2CL/UcnUc1zcqKAImBDzukY7Y5F/yQiNdko6+fRLevlw1HgMySw7f611UIY408EtxRSoK3Q==",
      "requires": {
        "js-tokens": "^3.0.0 || ^4.0.0"
      }
    },
    "node-fetch": {
      "version": "1.7.3",
      "resolved": "https://registry.npmjs.org/node-fetch/-/node-fetch-1.7.3.tgz",
      "integrity": "sha512-NhZ4CsKx7cYm2vSrBAr2PvFOe6sWDf0UYLRqA6svUYg7+/TSfVAu49jYC4BvQ4Sms9SZgdqGBgroqfDhJdTyKQ==",
      "requires": {
        "encoding": "^0.1.11",
        "is-stream": "^1.0.1"
      }
    },
    "node-polyglot": {
      "version": "2.2.2",
      "resolved": "https://registry.npmjs.org/node-polyglot/-/node-polyglot-2.2.2.tgz",
      "integrity": "sha1-Gj921zkvg26ggjg27egX5upuwmw=",
      "requires": {
        "for-each": "^0.3.2",
        "has": "^1.0.1",
        "string.prototype.trim": "^1.1.2",
        "warning": "^3.0.0"
      }
    },
    "normalize-scroll-left": {
      "version": "0.1.2",
      "resolved": "https://registry.npmjs.org/normalize-scroll-left/-/normalize-scroll-left-0.1.2.tgz",
      "integrity": "sha512-F9YMRls0zCF6BFIE2YnXDRpHPpfd91nOIaNdDgrx5YMoPLo8Wqj+6jNXHQsYBavJeXP4ww8HCt0xQAKc5qk2Fg=="
    },
    "object-assign": {
      "version": "4.1.1",
      "resolved": "https://registry.npmjs.org/object-assign/-/object-assign-4.1.1.tgz",
      "integrity": "sha1-IQmtx5ZYh8/AXLvUQsrIv7s2CGM="
    },
    "object-keys": {
      "version": "1.0.12",
      "resolved": "https://registry.npmjs.org/object-keys/-/object-keys-1.0.12.tgz",
      "integrity": "sha512-FTMyFUm2wBcGHnH2eXmz7tC6IwlqQZ6mVZ+6dm6vZ4IQIHjs6FdNsQBuKGPuUUUY6NfJw2PshC08Tn6LzLDOag=="
    },
    "papaparse": {
      "version": "4.6.0",
      "resolved": "https://registry.npmjs.org/papaparse/-/papaparse-4.6.0.tgz",
      "integrity": "sha512-ylm8pmgyz9rkS3Ng/ru5tHUF3JxWwKYP0aZZWZ8eCGdSxoqgYiDUXLNQei73mUJOjHw8QNu5ZNCsLoDpkMA6sg=="
    },
    "path-to-regexp": {
      "version": "1.7.0",
      "resolved": "https://registry.npmjs.org/path-to-regexp/-/path-to-regexp-1.7.0.tgz",
      "integrity": "sha1-Wf3g9DW62suhA6hOnTvGTpa5k30=",
      "requires": {
        "isarray": "0.0.1"
      }
    },
    "popper.js": {
      "version": "1.14.4",
      "resolved": "https://registry.npmjs.org/popper.js/-/popper.js-1.14.4.tgz",
      "integrity": "sha1-juwdj/AqWjoVLdQ0FKFce3n9abY="
    },
    "promise": {
      "version": "7.3.1",
      "resolved": "https://registry.npmjs.org/promise/-/promise-7.3.1.tgz",
      "integrity": "sha512-nolQXZ/4L+bP/UGlkfaIujX9BKxGwmQ9OT4mOt5yvy8iK1h3wqTEJCijzGANTCCl9nWjY41juyAn2K3Q1hLLTg==",
      "requires": {
        "asap": "~2.0.3"
      }
    },
    "prop-types": {
      "version": "15.6.2",
      "resolved": "https://registry.npmjs.org/prop-types/-/prop-types-15.6.2.tgz",
      "integrity": "sha512-3pboPvLiWD7dkI3qf3KbUe6hKFKa52w+AE0VCqECtf+QHAKgOL37tTaNCnuX1nAAQ4ZhyP+kYVKf8rLmJ/feDQ==",
      "requires": {
        "loose-envify": "^1.3.1",
        "object-assign": "^4.1.1"
      }
    },
    "query-string": {
      "version": "5.1.1",
      "resolved": "https://registry.npmjs.org/query-string/-/query-string-5.1.1.tgz",
      "integrity": "sha512-gjWOsm2SoGlgLEdAGt7a6slVOk9mGiXmPFMqrEhLQ68rhQuBnpfs3+EmlvqKyxnCo9/PPlF+9MtY02S1aFg+Jw==",
      "requires": {
        "decode-uri-component": "^0.2.0",
        "object-assign": "^4.1.0",
        "strict-uri-encode": "^1.0.0"
      }
    },
    "ra-core": {
      "version": "2.2.1",
      "resolved": "https://registry.npmjs.org/ra-core/-/ra-core-2.2.1.tgz",
      "integrity": "sha512-SSV2tbvvvcuPUxPnt0uyfbPJJUbYBZX79+aNS1hFxHp0GS5k7BjAVJo9G2Ex0gESme455peykHGCbwmPjg1Zug==",
      "requires": {
        "babel-runtime": "~6.26.0",
        "classnames": "~2.2.5",
        "inflection": "~1.12.0",
        "lodash": "~4.17.5",
        "node-polyglot": "2.2.2",
        "prop-types": "~15.6.1",
        "query-string": "~5.1.1",
        "ra-language-english": "^2.2.0",
        "react-redux": "~5.0.7",
        "react-router": "~4.2.0",
        "react-router-dom": "~4.2.2",
        "react-router-redux": "~5.0.0-alpha.9",
        "recompose": "~0.26.0",
        "redux": "~3.7.2",
        "redux-form": "~7.4.0",
        "redux-saga": "~0.16.0",
        "reselect": "~3.0.0",
        "warning": "~3.0.0"
      }
    },
    "ra-data-json-server": {
      "version": "2.2.2",
      "resolved": "https://registry.npmjs.org/ra-data-json-server/-/ra-data-json-server-2.2.2.tgz",
      "integrity": "sha512-MxFITwMeRsB+YEcWNusrhUgxBFzdT6kcQ43/nvJXU/dIY8zugMpvpil2OAm6iH4lP2NuQ4OX9ZZWYV38DYBWNA==",
      "requires": {
        "query-string": "~5.1.1",
        "react-admin": "^2.2.2"
      }
    },
    "ra-language-english": {
      "version": "2.2.0",
      "resolved": "https://registry.npmjs.org/ra-language-english/-/ra-language-english-2.2.0.tgz",
      "integrity": "sha512-x1GH3Oq8BJ/+7KiZScHU8CXTaYGbHjxOzlSWisGPKVaDbR4hBPahyqKOiHY0tsXLRmwG1Z2UDGCp1tWYaFojfw=="
    },
    "ra-ui-materialui": {
      "version": "2.2.2",
      "resolved": "https://registry.npmjs.org/ra-ui-materialui/-/ra-ui-materialui-2.2.2.tgz",
      "integrity": "sha512-BQafQxFM6S6HkpElZ/iff5NnL5Ec0Ac24mOESAEtRs0fEaRDrtFBeLOLJHq6r0LNUpTOp6fx9REOGQBeAbH4Ew==",
      "requires": {
        "@material-ui/core": "^1.4.0",
        "@material-ui/icons": "^1.0.0",
        "autosuggest-highlight": "^3.1.1",
        "classnames": "~2.2.5",
        "inflection": "~1.12.0",
        "lodash": "~4.17.5",
        "papaparse": "^4.1.4",
        "prop-types": "~15.6.1",
        "ra-core": "^2.2.1",
        "react-autosuggest": "^9.3.2",
        "react-dropzone": "~4.0.1",
        "react-redux": "~5.0.7",
        "react-router-dom": "~4.2.2",
        "react-transition-group": "^2.2.1",
        "recompose": "~0.26.0",
        "redux": "~3.7.2",
        "redux-form": "~7.4.0"
      }
    },
    "react": {
      "version": "16.4.2",
      "resolved": "https://registry.npmjs.org/react/-/react-16.4.2.tgz",
      "integrity": "sha512-dMv7YrbxO4y2aqnvA7f/ik9ibeLSHQJTI6TrYAenPSaQ6OXfb+Oti+oJiy8WBxgRzlKatYqtCjphTgDSCEiWFg==",
      "requires": {
        "fbjs": "^0.8.16",
        "loose-envify": "^1.1.0",
        "object-assign": "^4.1.1",
        "prop-types": "^15.6.0"
      }
    },
    "react-admin": {
      "version": "2.2.2",
      "resolved": "https://registry.npmjs.org/react-admin/-/react-admin-2.2.2.tgz",
      "integrity": "sha512-3593y798DrPbj9551X/qdFROBZo3wa5viRxHXMABaB78hi2Ubc7nLAlwga09DPhCjX5grUfIORgperJQrnZarw==",
      "requires": {
        "ra-core": "^2.2.1",
        "ra-language-english": "^2.2.0",
        "ra-ui-materialui": "^2.2.2"
      }
    },
    "react-autosuggest": {
      "version": "9.4.0",
      "resolved": "https://registry.npmjs.org/react-autosuggest/-/react-autosuggest-9.4.0.tgz",
      "integrity": "sha512-R/x8FRsSrWSBBzMrSsyAd72tsuH4+1ZK3hpkFLFDCDRDkgwzbLwVwrJ8tbDFoAmrhsQ/W6zpa7galVAeq9XxVw==",
      "requires": {
        "prop-types": "^15.5.10",
        "react-autowhatever": "^10.1.2",
        "shallow-equal": "^1.0.0"
      }
    },
    "react-autowhatever": {
      "version": "10.1.2",
      "resolved": "https://registry.npmjs.org/react-autowhatever/-/react-autowhatever-10.1.2.tgz",
      "integrity": "sha512-+0XgELT1LF7hHEJv5H5Zwkfb4Q1rqmMZZ5U/XJ2J+UcSPRKnG6CqEjXUJ+hYLXDHgvDqwEN5PBdxczD5rHvOuA==",
      "requires": {
        "prop-types": "^15.5.8",
        "react-themeable": "^1.1.0",
        "section-iterator": "^2.0.0"
      }
    },
    "react-dom": {
      "version": "16.4.2",
      "resolved": "https://registry.npmjs.org/react-dom/-/react-dom-16.4.2.tgz",
      "integrity": "sha512-Usl73nQqzvmJN+89r97zmeUpQDKDlh58eX6Hbs/ERdDHzeBzWy+ENk7fsGQ+5KxArV1iOFPT46/VneklK9zoWw==",
      "requires": {
        "fbjs": "^0.8.16",
        "loose-envify": "^1.1.0",
        "object-assign": "^4.1.1",
        "prop-types": "^15.6.0"
      }
    },
    "react-dropzone": {
      "version": "4.0.1",
      "resolved": "https://registry.npmjs.org/react-dropzone/-/react-dropzone-4.0.1.tgz",
      "integrity": "sha1-TXHW8PxdesilDfpGWCyW/jWuPKQ=",
      "requires": {
        "attr-accept": "^1.0.3",
        "prop-types": "^15.5.7"
      }
    },
    "react-event-listener": {
      "version": "0.6.3",
      "resolved": "https://registry.npmjs.org/react-event-listener/-/react-event-listener-0.6.3.tgz",
      "integrity": "sha512-21ubz0vpzPL/8YPGkcDs/LFIemxMFPhpXnFKvrm15IA7x/kYzh1Bru3ww/lsZJJ0hCqyhJGjv7Txl/U00Je5SA==",
      "requires": {
        "@babel/runtime": "7.0.0-rc.1",
        "prop-types": "^15.6.0",
        "warning": "^4.0.1"
      },
      "dependencies": {
        "warning": {
          "version": "4.0.2",
          "resolved": "https://registry.npmjs.org/warning/-/warning-4.0.2.tgz",
          "integrity": "sha512-wbTp09q/9C+jJn4KKJfJfoS6VleK/Dti0yqWSm6KMvJ4MRCXFQNapHuJXutJIrWV0Cf4AhTdeIe4qdKHR1+Hug==",
          "requires": {
            "loose-envify": "^1.0.0"
          }
        }
      }
    },
    "react-jss": {
      "version": "8.6.1",
      "resolved": "https://registry.npmjs.org/react-jss/-/react-jss-8.6.1.tgz",
      "integrity": "sha512-SH6XrJDJkAphp602J14JTy3puB2Zxz1FkM3bKVE8wON+va99jnUTKWnzGECb3NfIn9JPR5vHykge7K3/A747xQ==",
      "requires": {
        "hoist-non-react-statics": "^2.5.0",
        "jss": "^9.7.0",
        "jss-preset-default": "^4.3.0",
        "prop-types": "^15.6.0",
        "theming": "^1.3.0"
      }
    },
    "react-lifecycles-compat": {
      "version": "3.0.4",
      "resolved": "https://registry.npmjs.org/react-lifecycles-compat/-/react-lifecycles-compat-3.0.4.tgz",
      "integrity": "sha512-fBASbA6LnOU9dOU2eW7aQ8xmYBSXUIWr+UmF9b1efZBazGNO+rcXT/icdKnYm2pTwcRylVUYwW7H1PHfLekVzA=="
    },
    "react-redux": {
      "version": "5.0.7",
      "resolved": "https://registry.npmjs.org/react-redux/-/react-redux-5.0.7.tgz",
      "integrity": "sha512-5VI8EV5hdgNgyjfmWzBbdrqUkrVRKlyTKk1sGH3jzM2M2Mhj/seQgPXaz6gVAj2lz/nz688AdTqMO18Lr24Zhg==",
      "requires": {
        "hoist-non-react-statics": "^2.5.0",
        "invariant": "^2.0.0",
        "lodash": "^4.17.5",
        "lodash-es": "^4.17.5",
        "loose-envify": "^1.1.0",
        "prop-types": "^15.6.0"
      }
    },
    "react-router": {
      "version": "4.2.0",
      "resolved": "https://registry.npmjs.org/react-router/-/react-router-4.2.0.tgz",
      "integrity": "sha512-DY6pjwRhdARE4TDw7XjxjZsbx9lKmIcyZoZ+SDO7SBJ1KUeWNxT22Kara2AC7u6/c2SYEHlEDLnzBCcNhLE8Vg==",
      "requires": {
        "history": "^4.7.2",
        "hoist-non-react-statics": "^2.3.0",
        "invariant": "^2.2.2",
        "loose-envify": "^1.3.1",
        "path-to-regexp": "^1.7.0",
        "prop-types": "^15.5.4",
        "warning": "^3.0.0"
      }
    },
    "react-router-dom": {
      "version": "4.2.2",
      "resolved": "https://registry.npmjs.org/react-router-dom/-/react-router-dom-4.2.2.tgz",
      "integrity": "sha512-cHMFC1ZoLDfEaMFoKTjN7fry/oczMgRt5BKfMAkTu5zEuJvUiPp1J8d0eXSVTnBh6pxlbdqDhozunOOLtmKfPA==",
      "requires": {
        "history": "^4.7.2",
        "invariant": "^2.2.2",
        "loose-envify": "^1.3.1",
        "prop-types": "^15.5.4",
        "react-router": "^4.2.0",
        "warning": "^3.0.0"
      }
    },
    "react-router-redux": {
      "version": "5.0.0-alpha.9",
      "resolved": "https://registry.npmjs.org/react-router-redux/-/react-router-redux-5.0.0-alpha.9.tgz",
      "integrity": "sha512-euSgNIANnRXr4GydIuwA7RZCefrLQzIw5WdXspS8NPYbV+FxrKSS9MKG7U9vb6vsKHONnA4VxrVNWfnMUnUQAw==",
      "requires": {
        "history": "^4.7.2",
        "prop-types": "^15.6.0",
        "react-router": "^4.2.0"
      }
    },
    "react-themeable": {
      "version": "1.1.0",
      "resolved": "https://registry.npmjs.org/react-themeable/-/react-themeable-1.1.0.tgz",
      "integrity": "sha1-fURm3ZsrX6dQWHJ4JenxUro3mg4=",
      "requires": {
        "object-assign": "^3.0.0"
      },
      "dependencies": {
        "object-assign": {
          "version": "3.0.0",
          "resolved": "https://registry.npmjs.org/object-assign/-/object-assign-3.0.0.tgz",
          "integrity": "sha1-m+3VygiXlJvKR+f/QIBi1Un1h/I="
        }
      }
    },
    "react-transition-group": {
      "version": "2.4.0",
      "resolved": "https://registry.npmjs.org/react-transition-group/-/react-transition-group-2.4.0.tgz",
      "integrity": "sha512-Xv5d55NkJUxUzLCImGSanK8Cl/30sgpOEMGc5m86t8+kZwrPxPCPcFqyx83kkr+5Lz5gs6djuvE5By+gce+VjA==",
      "requires": {
        "dom-helpers": "^3.3.1",
        "loose-envify": "^1.3.1",
        "prop-types": "^15.6.2",
        "react-lifecycles-compat": "^3.0.4"
      }
    },
    "reason-react": {
      "version": "0.5.3",
      "resolved": "https://registry.npmjs.org/reason-react/-/reason-react-0.5.3.tgz",
      "integrity": "sha512-dUkoqXrP/gOjkmkW+k/otEUP+yeXH5+QfdxNT5EW60MXM3zbCdFhbNzKBbjYOZ6x96UbxK869CObjX04BdJEDg==",
      "requires": {
        "react": ">=15.0.0 || >=16.0.0",
        "react-dom": ">=15.0.0 || >=16.0.0"
      }
    },
    "recompose": {
      "version": "0.26.0",
      "resolved": "https://registry.npmjs.org/recompose/-/recompose-0.26.0.tgz",
      "integrity": "sha512-KwOu6ztO0mN5vy3+zDcc45lgnaUoaQse/a5yLVqtzTK13czSWnFGmXbQVmnoMgDkI5POd1EwIKSbjU1V7xdZog==",
      "requires": {
        "change-emitter": "^0.1.2",
        "fbjs": "^0.8.1",
        "hoist-non-react-statics": "^2.3.1",
        "symbol-observable": "^1.0.4"
      }
    },
    "redux": {
      "version": "3.7.2",
      "resolved": "https://registry.npmjs.org/redux/-/redux-3.7.2.tgz",
      "integrity": "sha512-pNqnf9q1hI5HHZRBkj3bAngGZW/JMCmexDlOxw4XagXY2o1327nHH54LoTjiPJ0gizoqPDRqWyX/00g0hD6w+A==",
      "requires": {
        "lodash": "^4.2.1",
        "lodash-es": "^4.2.1",
        "loose-envify": "^1.1.0",
        "symbol-observable": "^1.0.3"
      }
    },
    "redux-form": {
      "version": "7.4.2",
      "resolved": "https://registry.npmjs.org/redux-form/-/redux-form-7.4.2.tgz",
      "integrity": "sha512-QxC36s4Lelx5Cr8dbpxqvl23dwYOydeAX8c6YPmgkz/Dhj053C16S2qoyZN6LO6HJ2oUF00rKsAyE94GwOUhFA==",
      "requires": {
        "es6-error": "^4.1.1",
        "hoist-non-react-statics": "^2.5.4",
        "invariant": "^2.2.4",
        "is-promise": "^2.1.0",
        "lodash": "^4.17.10",
        "lodash-es": "^4.17.10",
        "prop-types": "^15.6.1",
        "react-lifecycles-compat": "^3.0.4"
      }
    },
    "redux-saga": {
      "version": "0.16.0",
      "resolved": "https://registry.npmjs.org/redux-saga/-/redux-saga-0.16.0.tgz",
      "integrity": "sha1-CiMdsKFIkwHdmA9vL4jYztQY9yQ="
    },
    "regenerator-runtime": {
      "version": "0.11.1",
      "resolved": "https://registry.npmjs.org/regenerator-runtime/-/regenerator-runtime-0.11.1.tgz",
      "integrity": "sha512-MguG95oij0fC3QV3URf4V2SDYGJhJnJGqvIIgdECeODCT98wSWDAJ94SSuVpYQUoTcGUIL6L4yNB7j1DFFHSBg=="
    },
    "reselect": {
      "version": "3.0.1",
      "resolved": "https://registry.npmjs.org/reselect/-/reselect-3.0.1.tgz",
      "integrity": "sha1-79qpjqdFEyTQkrKyFjpqHXqaIUc="
    },
    "resolve-pathname": {
      "version": "2.2.0",
      "resolved": "https://registry.npmjs.org/resolve-pathname/-/resolve-pathname-2.2.0.tgz",
      "integrity": "sha512-bAFz9ld18RzJfddgrO2e/0S2O81710++chRMUxHjXOYKF6jTAMrUNZrEZ1PvV0zlhfjidm08iRPdTLPno1FuRg=="
    },
    "safer-buffer": {
      "version": "2.1.2",
      "resolved": "https://registry.npmjs.org/safer-buffer/-/safer-buffer-2.1.2.tgz",
      "integrity": "sha512-YZo3K82SD7Riyi0E1EQPojLz7kpepnSQI9IyPbHHg1XXXevb5dJI7tpyN2ADxGcQbHG7vcyRHk0cbwqcQriUtg=="
    },
    "section-iterator": {
      "version": "2.0.0",
      "resolved": "https://registry.npmjs.org/section-iterator/-/section-iterator-2.0.0.tgz",
      "integrity": "sha1-v0RNev7rlK1Dw5rS+yYVFifMuio="
    },
    "setimmediate": {
      "version": "1.0.5",
      "resolved": "https://registry.npmjs.org/setimmediate/-/setimmediate-1.0.5.tgz",
      "integrity": "sha1-KQy7Iy4waULX1+qbg3Mqt4VvgoU="
    },
    "shallow-equal": {
      "version": "1.0.0",
      "resolved": "https://registry.npmjs.org/shallow-equal/-/shallow-equal-1.0.0.tgz",
      "integrity": "sha1-UI0YOLPeWQq4dXsBGyXkMJAJRfc="
    },
    "strict-uri-encode": {
      "version": "1.1.0",
      "resolved": "https://registry.npmjs.org/strict-uri-encode/-/strict-uri-encode-1.1.0.tgz",
      "integrity": "sha1-J5siXfHVgrH1TmWt3UNS4Y+qBxM="
    },
    "string.prototype.trim": {
      "version": "1.1.2",
      "resolved": "https://registry.npmjs.org/string.prototype.trim/-/string.prototype.trim-1.1.2.tgz",
      "integrity": "sha1-0E3iyJ4Tf019IG8Ia17S+ua+jOo=",
      "requires": {
        "define-properties": "^1.1.2",
        "es-abstract": "^1.5.0",
        "function-bind": "^1.0.2"
      }
    },
    "symbol-observable": {
      "version": "1.2.0",
      "resolved": "https://registry.npmjs.org/symbol-observable/-/symbol-observable-1.2.0.tgz",
      "integrity": "sha512-e900nM8RRtGhlV36KGEU9k65K3mPb1WV70OdjfxlG2EAuM1noi/E/BaW/uMhL7bPEssK8QV57vN3esixjUvcXQ=="
    },
    "theming": {
      "version": "1.3.0",
      "resolved": "https://registry.npmjs.org/theming/-/theming-1.3.0.tgz",
      "integrity": "sha512-ya5Ef7XDGbTPBv5ENTwrwkPUexrlPeiAg/EI9kdlUAZhNlRbCdhMKRgjNX1IcmsmiPcqDQZE6BpSaH+cr31FKw==",
      "requires": {
        "brcast": "^3.0.1",
        "is-function": "^1.0.1",
        "is-plain-object": "^2.0.1",
        "prop-types": "^15.5.8"
      }
    },
    "ua-parser-js": {
      "version": "0.7.18",
      "resolved": "https://registry.npmjs.org/ua-parser-js/-/ua-parser-js-0.7.18.tgz",
      "integrity": "sha512-LtzwHlVHwFGTptfNSgezHp7WUlwiqb0gA9AALRbKaERfxwJoiX0A73QbTToxteIAuIaFshhgIZfqK8s7clqgnA=="
    },
    "value-equal": {
      "version": "0.4.0",
      "resolved": "https://registry.npmjs.org/value-equal/-/value-equal-0.4.0.tgz",
      "integrity": "sha512-x+cYdNnaA3CxvMaTX0INdTCN8m8aF2uY9BvEqmxuYp8bL09cs/kWVQPVGcA35fMktdOsP69IgU7wFj/61dJHEw=="
    },
    "warning": {
      "version": "3.0.0",
      "resolved": "https://registry.npmjs.org/warning/-/warning-3.0.0.tgz",
      "integrity": "sha1-MuU3fLVy3kqwR1O9+IIcAe1gW3w=",
      "requires": {
        "loose-envify": "^1.0.0"
      }
    },
    "whatwg-fetch": {
      "version": "2.0.4",
      "resolved": "https://registry.npmjs.org/whatwg-fetch/-/whatwg-fetch-2.0.4.tgz",
      "integrity": "sha512-dcQ1GWpOD/eEQ97k66aiEVpNnapVj90/+R+SXTPYGHpYBBypfKJEQjLrvMZ7YXbKm21gXd4NcuxUTjiv1YtLng=="
    }
  }
}
